
Microsoft Visual Studio Solution File, Format Version 12.00
# Visual Studio Version 17
VisualStudioVersion = 17.12.35707.178
MinimumVisualStudioVersion = 10.0.40219.1
Project("{2150E333-8FDC-42A3-9474-1A3956D46DE8}") = "Services", "Services", "{223B261B-01E1-4505-81C9-22D82A865B68}"
EndProject
Project("{2150E333-8FDC-42A3-9474-1A3956D46DE8}") = "ShowService", "ShowService", "{1A4D1727-54AE-42FA-B9F3-BE2F18712C67}"
EndProject
Project("{FAE04EC0-301F-11D3-BF4B-00C04F79EFBC}") = "ShowService.Application", "ShowService.Application\ShowService.Application.csproj", "{7DA3D11B-5DED-4240-80ED-48630EC3015E}"
	ProjectSection(ProjectDependencies) = postProject
		{A927E355-8E97-41AB-89F4-07813BBE2C17} = {A927E355-8E97-41AB-89F4-07813BBE2C17}
	EndProjectSection
EndProject
Project("{FAE04EC0-301F-11D3-BF4B-00C04F79EFBC}") = "ShowService.Domain", "ShowService.Domain\ShowService.Domain.csproj", "{629DFFD4-8CBF-4867-A1E1-3F0D397DBB5E}"
EndProject
Project("{FAE04EC0-301F-11D3-BF4B-00C04F79EFBC}") = "ShowService.Infrastructure", "ShowService.Infrastructure\ShowService.Infrastructure.csproj", "{BBB72269-F5D4-4820-9A1A-3A77139BE7CF}"
	ProjectSection(ProjectDependencies) = postProject
		{629DFFD4-8CBF-4867-A1E1-3F0D397DBB5E} = {629DFFD4-8CBF-4867-A1E1-3F0D397DBB5E}
	EndProjectSection
EndProject
Project("{2150E333-8FDC-42A3-9474-1A3956D46DE8}") = "InventoryService", "InventoryService", "{47EF707B-5136-4740-AB6D-A7A952EAB62D}"
EndProject
Project("{2150E333-8FDC-42A3-9474-1A3956D46DE8}") = "TransportService", "TransportService", "{8AE559AA-C9AE-46F5-B3AF-796A06F62019}"
EndProject
Project("{2150E333-8FDC-42A3-9474-1A3956D46DE8}") = "Shared", "Shared", "{49F04281-D8E8-47A0-96CF-15F14076FB6A}"
EndProject
Project("{FAE04EC0-301F-11D3-BF4B-00C04F79EFBC}") = "Shared.ExceptionHandling", "Shared.ExceptionHandling\Shared.ExceptionHandling.csproj", "{A927E355-8E97-41AB-89F4-07813BBE2C17}"
EndProject
Project("{FAE04EC0-301F-11D3-BF4B-00C04F79EFBC}") = "InventoryService.API", "InventoryService.API\InventoryService.API.csproj", "{79BC42B8-8912-4CCE-B3A1-4E34ABD52B92}"
EndProject
Project("{FAE04EC0-301F-11D3-BF4B-00C04F79EFBC}") = "InventoryService.Application", "InventoryService.Application\InventoryService.Application.csproj", "{C6F998AA-6D8F-4756-8786-4E5D07EFF417}"
EndProject
Project("{FAE04EC0-301F-11D3-BF4B-00C04F79EFBC}") = "InventoryService.Domain", "InventoryService.Domain\InventoryService.Domain.csproj", "{881BAD8B-CB60-4D63-9DEA-58AC2DB283F5}"
EndProject
Project("{FAE04EC0-301F-11D3-BF4B-00C04F79EFBC}") = "InventoryService.Infrastructure", "InventoryService.Infrastructure\InventoryService.Infrastructure.csproj", "{D48F8C9B-3831-4D9A-B46B-EE21A80A171D}"
EndProject
Project("{FAE04EC0-301F-11D3-BF4B-00C04F79EFBC}") = "TransportService.Application", "TransportService.Application\TransportService.Application.csproj", "{9C4F72D4-034F-4461-BF56-14148C8CF67F}"
EndProject
Project("{FAE04EC0-301F-11D3-BF4B-00C04F79EFBC}") = "TransportService.Domain", "TransportService.Domain\TransportService.Domain.csproj", "{E6D20411-A23A-44FD-9578-EB551DA15F37}"
EndProject
Project("{FAE04EC0-301F-11D3-BF4B-00C04F79EFBC}") = "TransportService.Infrastructure", "TransportService.Infrastructure\TransportService.Infrastructure.csproj", "{350A6EE1-01B1-44B1-B2F3-740E812F6FDB}"
EndProject
Project("{FAE04EC0-301F-11D3-BF4B-00C04F79EFBC}") = "TransportService.API", "TransportService.API2\TransportService.API.csproj", "{4E453F85-40FC-49CA-AEF5-866DD703E44E}"
EndProject
Project("{FAE04EC0-301F-11D3-BF4B-00C04F79EFBC}") = "ShowService.API", "ShowService.API\ShowService.API.csproj", "{17A02810-7B09-451C-9CCF-E185EB208AED}"
EndProject
Project("{FAE04EC0-301F-11D3-BF4B-00C04F79EFBC}") = "Shared.Infrastructure", "Shared.Infrastructure\Shared.Infrastructure.csproj", "{DF4379EE-F379-4C0B-BE7A-29EA4CD2CBDE}"
EndProject
Project("{FAE04EC0-301F-11D3-BF4B-00C04F79EFBC}") = "Shared.Domain", "Shared.Domain\Shared.Domain.csproj", "{9D20A6A9-2671-4D7C-80C8-8A058F3B8E69}"
EndProject
Global
	GlobalSection(SolutionConfigurationPlatforms) = preSolution
		Debug|Any CPU = Debug|Any CPU
		Release|Any CPU = Release|Any CPU
	EndGlobalSection
	GlobalSection(ProjectConfigurationPlatforms) = postSolution
		{7DA3D11B-5DED-4240-80ED-48630EC3015E}.Debug|Any CPU.ActiveCfg = Debug|Any CPU
		{7DA3D11B-5DED-4240-80ED-48630EC3015E}.Debug|Any CPU.Build.0 = Debug|Any CPU
		{7DA3D11B-5DED-4240-80ED-48630EC3015E}.Release|Any CPU.ActiveCfg = Release|Any CPU
		{7DA3D11B-5DED-4240-80ED-48630EC3015E}.Release|Any CPU.Build.0 = Release|Any CPU
		{629DFFD4-8CBF-4867-A1E1-3F0D397DBB5E}.Debug|Any CPU.ActiveCfg = Debug|Any CPU
		{629DFFD4-8CBF-4867-A1E1-3F0D397DBB5E}.Debug|Any CPU.Build.0 = Debug|Any CPU
		{629DFFD4-8CBF-4867-A1E1-3F0D397DBB5E}.Release|Any CPU.ActiveCfg = Release|Any CPU
		{629DFFD4-8CBF-4867-A1E1-3F0D397DBB5E}.Release|Any CPU.Build.0 = Release|Any CPU
		{BBB72269-F5D4-4820-9A1A-3A77139BE7CF}.Debug|Any CPU.ActiveCfg = Debug|Any CPU
		{BBB72269-F5D4-4820-9A1A-3A77139BE7CF}.Debug|Any CPU.Build.0 = Debug|Any CPU
		{BBB72269-F5D4-4820-9A1A-3A77139BE7CF}.Release|Any CPU.ActiveCfg = Release|Any CPU
		{BBB72269-F5D4-4820-9A1A-3A77139BE7CF}.Release|Any CPU.Build.0 = Release|Any CPU
		{A927E355-8E97-41AB-89F4-07813BBE2C17}.Debug|Any CPU.ActiveCfg = Debug|Any CPU
		{A927E355-8E97-41AB-89F4-07813BBE2C17}.Debug|Any CPU.Build.0 = Debug|Any CPU
		{A927E355-8E97-41AB-89F4-07813BBE2C17}.Release|Any CPU.ActiveCfg = Release|Any CPU
		{A927E355-8E97-41AB-89F4-07813BBE2C17}.Release|Any CPU.Build.0 = Release|Any CPU
		{79BC42B8-8912-4CCE-B3A1-4E34ABD52B92}.Debug|Any CPU.ActiveCfg = Debug|Any CPU
		{79BC42B8-8912-4CCE-B3A1-4E34ABD52B92}.Debug|Any CPU.Build.0 = Debug|Any CPU
		{79BC42B8-8912-4CCE-B3A1-4E34ABD52B92}.Release|Any CPU.ActiveCfg = Release|Any CPU
		{79BC42B8-8912-4CCE-B3A1-4E34ABD52B92}.Release|Any CPU.Build.0 = Release|Any CPU
		{C6F998AA-6D8F-4756-8786-4E5D07EFF417}.Debug|Any CPU.ActiveCfg = Debug|Any CPU
		{C6F998AA-6D8F-4756-8786-4E5D07EFF417}.Debug|Any CPU.Build.0 = Debug|Any CPU
		{C6F998AA-6D8F-4756-8786-4E5D07EFF417}.Release|Any CPU.ActiveCfg = Release|Any CPU
		{C6F998AA-6D8F-4756-8786-4E5D07EFF417}.Release|Any CPU.Build.0 = Release|Any CPU
		{881BAD8B-CB60-4D63-9DEA-58AC2DB283F5}.Debug|Any CPU.ActiveCfg = Debug|Any CPU
		{881BAD8B-CB60-4D63-9DEA-58AC2DB283F5}.Debug|Any CPU.Build.0 = Debug|Any CPU
		{881BAD8B-CB60-4D63-9DEA-58AC2DB283F5}.Release|Any CPU.ActiveCfg = Release|Any CPU
		{881BAD8B-CB60-4D63-9DEA-58AC2DB283F5}.Release|Any CPU.Build.0 = Release|Any CPU
		{D48F8C9B-3831-4D9A-B46B-EE21A80A171D}.Debug|Any CPU.ActiveCfg = Debug|Any CPU
		{D48F8C9B-3831-4D9A-B46B-EE21A80A171D}.Debug|Any CPU.Build.0 = Debug|Any CPU
		{D48F8C9B-3831-4D9A-B46B-EE21A80A171D}.Release|Any CPU.ActiveCfg = Release|Any CPU
		{D48F8C9B-3831-4D9A-B46B-EE21A80A171D}.Release|Any CPU.Build.0 = Release|Any CPU
		{9C4F72D4-034F-4461-BF56-14148C8CF67F}.Debug|Any CPU.ActiveCfg = Debug|Any CPU
		{9C4F72D4-034F-4461-BF56-14148C8CF67F}.Debug|Any CPU.Build.0 = Debug|Any CPU
		{9C4F72D4-034F-4461-BF56-14148C8CF67F}.Release|Any CPU.ActiveCfg = Release|Any CPU
		{9C4F72D4-034F-4461-BF56-14148C8CF67F}.Release|Any CPU.Build.0 = Release|Any CPU
		{E6D20411-A23A-44FD-9578-EB551DA15F37}.Debug|Any CPU.ActiveCfg = Debug|Any CPU
		{E6D20411-A23A-44FD-9578-EB551DA15F37}.Debug|Any CPU.Build.0 = Debug|Any CPU
		{E6D20411-A23A-44FD-9578-EB551DA15F37}.Release|Any CPU.ActiveCfg = Release|Any CPU
		{E6D20411-A23A-44FD-9578-EB551DA15F37}.Release|Any CPU.Build.0 = Release|Any CPU
		{350A6EE1-01B1-44B1-B2F3-740E812F6FDB}.Debug|Any CPU.ActiveCfg = Debug|Any CPU
		{350A6EE1-01B1-44B1-B2F3-740E812F6FDB}.Debug|Any CPU.Build.0 = Debug|Any CPU
		{350A6EE1-01B1-44B1-B2F3-740E812F6FDB}.Release|Any CPU.ActiveCfg = Release|Any CPU
		{350A6EE1-01B1-44B1-B2F3-740E812F6FDB}.Release|Any CPU.Build.0 = Release|Any CPU
		{4E453F85-40FC-49CA-AEF5-866DD703E44E}.Debug|Any CPU.ActiveCfg = Debug|Any CPU
		{4E453F85-40FC-49CA-AEF5-866DD703E44E}.Debug|Any CPU.Build.0 = Debug|Any CPU
		{4E453F85-40FC-49CA-AEF5-866DD703E44E}.Release|Any CPU.ActiveCfg = Release|Any CPU
		{4E453F85-40FC-49CA-AEF5-866DD703E44E}.Release|Any CPU.Build.0 = Release|Any CPU
		{17A02810-7B09-451C-9CCF-E185EB208AED}.Debug|Any CPU.ActiveCfg = Debug|Any CPU
		{17A02810-7B09-451C-9CCF-E185EB208AED}.Debug|Any CPU.Build.0 = Debug|Any CPU
		{17A02810-7B09-451C-9CCF-E185EB208AED}.Release|Any CPU.ActiveCfg = Release|Any CPU
		{17A02810-7B09-451C-9CCF-E185EB208AED}.Release|Any CPU.Build.0 = Release|Any CPU
		{DF4379EE-F379-4C0B-BE7A-29EA4CD2CBDE}.Debug|Any CPU.ActiveCfg = Debug|Any CPU
		{DF4379EE-F379-4C0B-BE7A-29EA4CD2CBDE}.Debug|Any CPU.Build.0 = Debug|Any CPU
		{DF4379EE-F379-4C0B-BE7A-29EA4CD2CBDE}.Release|Any CPU.ActiveCfg = Release|Any CPU
		{DF4379EE-F379-4C0B-BE7A-29EA4CD2CBDE}.Release|Any CPU.Build.0 = Release|Any CPU
		{9D20A6A9-2671-4D7C-80C8-8A058F3B8E69}.Debug|Any CPU.ActiveCfg = Debug|Any CPU
		{9D20A6A9-2671-4D7C-80C8-8A058F3B8E69}.Debug|Any CPU.Build.0 = Debug|Any CPU
		{9D20A6A9-2671-4D7C-80C8-8A058F3B8E69}.Release|Any CPU.ActiveCfg = Release|Any CPU
		{9D20A6A9-2671-4D7C-80C8-8A058F3B8E69}.Release|Any CPU.Build.0 = Release|Any CPU
	EndGlobalSection
	GlobalSection(SolutionProperties) = preSolution
		HideSolutionNode = FALSE
	EndGlobalSection
	GlobalSection(NestedProjects) = preSolution
		{1A4D1727-54AE-42FA-B9F3-BE2F18712C67} = {223B261B-01E1-4505-81C9-22D82A865B68}
		{7DA3D11B-5DED-4240-80ED-48630EC3015E} = {1A4D1727-54AE-42FA-B9F3-BE2F18712C67}
		{629DFFD4-8CBF-4867-A1E1-3F0D397DBB5E} = {1A4D1727-54AE-42FA-B9F3-BE2F18712C67}
		{BBB72269-F5D4-4820-9A1A-3A77139BE7CF} = {1A4D1727-54AE-42FA-B9F3-BE2F18712C67}
		{47EF707B-5136-4740-AB6D-A7A952EAB62D} = {223B261B-01E1-4505-81C9-22D82A865B68}
		{8AE559AA-C9AE-46F5-B3AF-796A06F62019} = {223B261B-01E1-4505-81C9-22D82A865B68}
		{A927E355-8E97-41AB-89F4-07813BBE2C17} = {49F04281-D8E8-47A0-96CF-15F14076FB6A}
		{79BC42B8-8912-4CCE-B3A1-4E34ABD52B92} = {47EF707B-5136-4740-AB6D-A7A952EAB62D}
		{C6F998AA-6D8F-4756-8786-4E5D07EFF417} = {47EF707B-5136-4740-AB6D-A7A952EAB62D}
		{881BAD8B-CB60-4D63-9DEA-58AC2DB283F5} = {47EF707B-5136-4740-AB6D-A7A952EAB62D}
		{D48F8C9B-3831-4D9A-B46B-EE21A80A171D} = {47EF707B-5136-4740-AB6D-A7A952EAB62D}
		{9C4F72D4-034F-4461-BF56-14148C8CF67F} = {8AE559AA-C9AE-46F5-B3AF-796A06F62019}
		{E6D20411-A23A-44FD-9578-EB551DA15F37} = {8AE559AA-C9AE-46F5-B3AF-796A06F62019}
		{350A6EE1-01B1-44B1-B2F3-740E812F6FDB} = {8AE559AA-C9AE-46F5-B3AF-796A06F62019}
		{4E453F85-40FC-49CA-AEF5-866DD703E44E} = {8AE559AA-C9AE-46F5-B3AF-796A06F62019}
		{17A02810-7B09-451C-9CCF-E185EB208AED} = {1A4D1727-54AE-42FA-B9F3-BE2F18712C67}
		{DF4379EE-F379-4C0B-BE7A-29EA4CD2CBDE} = {49F04281-D8E8-47A0-96CF-15F14076FB6A}
		{9D20A6A9-2671-4D7C-80C8-8A058F3B8E69} = {49F04281-D8E8-47A0-96CF-15F14076FB6A}
	EndGlobalSection
EndGlobal
